<Solution>
  <Folder Name="/src/" />
  <Folder Name="/src/Host/">
    <Project Path="src/Host/GameStore.Host.csproj" />
  </Folder>
  <Folder Name="/src/Modules/" />
  <Folder Name="/src/Modules/Catalog/">
    <Project Path="src/Modules/Catalog/Catalog.Contracts/Catalog.Contracts.csproj" />
    <Project Path="src/Modules/Catalog/Catalog.Core/Catalog.Core.csproj" />
  </Folder>
  <Folder Name="/src/Modules/Orders/">
    <Project Path="src/Modules/Orders/Orders.Contracts/Orders.Contracts.csproj" />
    <Project Path="src/Modules/Orders/Orders.Core/Orders.Core.csproj" />
  </Folder>
  <Folder Name="/tests/">
    <Project Path="tests/ModularLab.Tests/ModularLab.Tests.csproj" />
  </Folder>
</Solution>
