<Solution>
  <Folder Name="/src/">
    <Project Path="src/Tenancy.Api/Tenancy.Api.csproj" />
    <Project Path="src/Tenancy.Application/Tenancy.Application.csproj" />
    <Project Path="src/Tenancy.Domain/Tenancy.Domain.csproj" />
    <Project Path="src/Tenancy.Infrastructure/Tenancy.Infrastructure.csproj" />
  </Folder>
  <Folder Name="/tests/">
    <Project Path="tests/Tenancy.Api.Tests/Tenancy.Api.Tests.csproj" />
    <Project Path="tests/Tenancy.Application.Tests/Tenancy.Application.Tests.csproj" />
    <Project Path="tests/Tenancy.Domain.Tests/Tenancy.Domain.Tests.csproj" />
  </Folder>
</Solution>
